
Microsoft Visual Studio Solution File, Format Version 12.00
# Visual Studio Version 16
VisualStudioVersion = 16.0.30717.126
MinimumVisualStudioVersion = 10.0.40219.1
Project("{8BC9CEB8-8B4A-11D0-8D11-00A0C91BC942}") = "MinimumSpanningTree", "MinimumSpanningTree.vcxproj", "{B2821789-5ED1-46BF-9903-F2BB25C733FB}"
EndProject
Project("{8BC9CEB8-8B4A-11D0-8D11-00A0C91BC942}") = "TimeSchedule", "..\TimeSchedule\CppWinForm1.vcxproj", "{9696B190-8A31-45BA-A43E-0287102EF438}"
EndProject
Global
	GlobalSection(SolutionConfigurationPlatforms) = preSolution
		Debug|x64 = Debug|x64
		Debug|x86 = Debug|x86
		Release|x64 = Release|x64
		Release|x86 = Release|x86
	EndGlobalSection
	GlobalSection(ProjectConfigurationPlatforms) = postSolution
		{B2821789-5ED1-46BF-9903-F2BB25C733FB}.Debug|x64.ActiveCfg = Debug|x64
		{B2821789-5ED1-46BF-9903-F2BB25C733FB}.Debug|x64.Build.0 = Debug|x64
		{B2821789-5ED1-46BF-9903-F2BB25C733FB}.Debug|x86.ActiveCfg = Debug|Win32
		{B2821789-5ED1-46BF-9903-F2BB25C733FB}.Debug|x86.Build.0 = Debug|Win32
		{B2821789-5ED1-46BF-9903-F2BB25C733FB}.Release|x64.ActiveCfg = Release|x64
		{B2821789-5ED1-46BF-9903-F2BB25C733FB}.Release|x64.Build.0 = Release|x64
		{B2821789-5ED1-46BF-9903-F2BB25C733FB}.Release|x86.ActiveCfg = Release|Win32
		{B2821789-5ED1-46BF-9903-F2BB25C733FB}.Release|x86.Build.0 = Release|Win32
		{9696B190-8A31-45BA-A43E-0287102EF438}.Debug|x64.ActiveCfg = Debug|x64
		{9696B190-8A31-45BA-A43E-0287102EF438}.Debug|x64.Build.0 = Debug|x64
		{9696B190-8A31-45BA-A43E-0287102EF438}.Debug|x86.ActiveCfg = Debug|Win32
		{9696B190-8A31-45BA-A43E-0287102EF438}.Debug|x86.Build.0 = Debug|Win32
		{9696B190-8A31-45BA-A43E-0287102EF438}.Release|x64.ActiveCfg = Release|x64
		{9696B190-8A31-45BA-A43E-0287102EF438}.Release|x64.Build.0 = Release|x64
		{9696B190-8A31-45BA-A43E-0287102EF438}.Release|x86.ActiveCfg = Release|Win32
		{9696B190-8A31-45BA-A43E-0287102EF438}.Release|x86.Build.0 = Release|Win32
	EndGlobalSection
	GlobalSection(SolutionProperties) = preSolution
		HideSolutionNode = FALSE
	EndGlobalSection
	GlobalSection(ExtensibilityGlobals) = postSolution
		SolutionGuid = {39384F4F-C966-47CF-BB9F-EEF7DBC47137}
	EndGlobalSection
EndGlobal
